version = 1
revision = 2
requires-python = ">=3.12"

[[package]]
name = "interns"
version = "0.1.0"
source = { directory = "../interns" }

[[package]]
name = "interns-install"
version = "0.1.0"
source = { editable = "." }
dependencies = [
    { name = "interns" },
]

[package.metadata]
requires-dist = [{ name = "interns", directory = "../interns" }]
